# This file is automatically @generated by Cargo.
# It is not intended for manual editing.
version = 4

[[package]]
name = "minesweeper"
version = "0.1.0"
dependencies = [
 "xark",
 "xark-poseidon2",
]

[[package]]
name = "xark"
version = "0.0.1"

[[package]]
name = "xark-poseidon2"
version = "0.0.1"
dependencies = [
 "xark",
]
